// !$*UTF8*$!
{
	archiveVersion = 1;
	classes = {
	};
	objectVersion = 56;
	objects = {

/* Begin PBXBuildFile section */
		4A1000010000000000000001 /* JobPilotLiteApp.swift in Sources */ = {isa = PBXBuildFile; fileRef = 4A2000010000000000000001 /* JobPilotLiteApp.swift */; };
		4A1000010000000000000002 /* Models.swift in Sources */ = {isa = PBXBuildFile; fileRef = 4A2000010000000000000002 /* Models.swift */; };
		4A1000010000000000000003 /* AppStore.swift in Sources */ = {isa = PBXBuildFile; fileRef = 4A2000010000000000000003 /* AppStore.swift */; };
		4A1000010000000000000004 /* RootView.swift in Sources */ = {isa = PBXBuildFile; fileRef = 4A2000010000000000000004 /* RootView.swift */; };
		4A1000010000000000000005 /* OnboardingView.swift in Sources */ = {isa = PBXBuildFile; fileRef = 4A2000010000000000000005 /* OnboardingView.swift */; };
		4A1000010000000000000006 /* ProfileView.swift in Sources */ = {isa = PBXBuildFile; fileRef = 4A2000010000000000000006 /* ProfileView.swift */; };
		4A1000010000000000000007 /* JobFeedView.swift in Sources */ = {isa = PBXBuildFile; fileRef = 4A2000010000000000000007 /* JobFeedView.swift */; };
		4A1000010000000000000008 /* JobDetailView.swift in Sources */ = {isa = PBXBuildFile; fileRef = 4A2000010000000000000008 /* JobDetailView.swift */; };
		4A100001000000000000000A /* Assets.xcassets in Resources */ = {isa = PBXBuildFile; fileRef = 4A200001000000000000000A /* Assets.xcassets */; };
		4A100001000000000000000B /* SeedJobs.json in Resources */ = {isa = PBXBuildFile; fileRef = 4A200001000000000000000B /* SeedJobs.json */; };
		4A100001000000000000000D /* PlatformActions.swift in Sources */ = {isa = PBXBuildFile; fileRef = 4A200001000000000000000D /* PlatformActions.swift */; };
		4A100001000000000000000E /* Design.swift in Sources */ = {isa = PBXBuildFile; fileRef = 4A200001000000000000000E /* Design.swift */; };
		4A100001000000000000000F /* JobFeedConfig.json in Resources */ = {isa = PBXBuildFile; fileRef = 4A200001000000000000000F /* JobFeedConfig.json */; };
/* End PBXBuildFile section */

/* Begin PBXFileReference section */
		4A2000010000000000000000 /* JobPilotLite.app */ = {isa = PBXFileReference; explicitFileType = wrapper.application; includeInIndex = 0; path = JobPilotLite.app; sourceTree = BUILT_PRODUCTS_DIR; };
		4A2000010000000000000001 /* JobPilotLiteApp.swift */ = {isa = PBXFileReference; lastKnownFileType = sourcecode.swift; path = JobPilotLiteApp.swift; sourceTree = "<group>"; };
		4A2000010000000000000002 /* Models.swift */ = {isa = PBXFileReference; lastKnownFileType = sourcecode.swift; path = Models.swift; sourceTree = "<group>"; };
		4A2000010000000000000003 /* AppStore.swift */ = {isa = PBXFileReference; lastKnownFileType = sourcecode.swift; path = AppStore.swift; sourceTree = "<group>"; };
		4A2000010000000000000004 /* RootView.swift */ = {isa = PBXFileReference; lastKnownFileType = sourcecode.swift; path = RootView.swift; sourceTree = "<group>"; };
		4A2000010000000000000005 /* OnboardingView.swift */ = {isa = PBXFileReference; lastKnownFileType = sourcecode.swift; path = OnboardingView.swift; sourceTree = "<group>"; };
		4A2000010000000000000006 /* ProfileView.swift */ = {isa = PBXFileReference; lastKnownFileType = sourcecode.swift; path = ProfileView.swift; sourceTree = "<group>"; };
		4A2000010000000000000007 /* JobFeedView.swift */ = {isa = PBXFileReference; lastKnownFileType = sourcecode.swift; path = JobFeedView.swift; sourceTree = "<group>"; };
		4A2000010000000000000008 /* JobDetailView.swift */ = {isa = PBXFileReference; lastKnownFileType = sourcecode.swift; path = JobDetailView.swift; sourceTree = "<group>"; };
		4A200001000000000000000A /* Assets.xcassets */ = {isa = PBXFileReference; lastKnownFileType = folder.assetcatalog; path = Assets.xcassets; sourceTree = "<group>"; };
		4A200001000000000000000B /* SeedJobs.json */ = {isa = PBXFileReference; lastKnownFileType = text.json; path = SeedJobs.json; sourceTree = "<group>"; };
		4A200001000000000000000D /* PlatformActions.swift */ = {isa = PBXFileReference; lastKnownFileType = sourcecode.swift; path = PlatformActions.swift; sourceTree = "<group>"; };
		4A200001000000000000000E /* Design.swift */ = {isa = PBXFileReference; lastKnownFileType = sourcecode.swift; path = Design.swift; sourceTree = "<group>"; };
		4A200001000000000000000F /* JobFeedConfig.json */ = {isa = PBXFileReference; lastKnownFileType = text.json; path = JobFeedConfig.json; sourceTree = "<group>"; };
/* End PBXFileReference section */

/* Begin PBXFrameworksBuildPhase section */
		4A3000010000000000000001 /* Frameworks */ = {
			isa = PBXFrameworksBuildPhase;
			buildActionMask = 2147483647;
			files = (
			);
			runOnlyForDeploymentPostprocessing = 0;
		};
/* End PBXFrameworksBuildPhase section */

/* Begin PBXGroup section */
		4A4000010000000000000001 = {
			isa = PBXGroup;
			children = (
				4A4000010000000000000002 /* JobPilotLite */,
				4A4000010000000000000003 /* Products */,
			);
			sourceTree = "<group>";
		};
		4A4000010000000000000002 /* JobPilotLite */ = {
			isa = PBXGroup;
			children = (
				4A2000010000000000000001 /* JobPilotLiteApp.swift */,
				4A2000010000000000000002 /* Models.swift */,
				4A2000010000000000000003 /* AppStore.swift */,
				4A2000010000000000000004 /* RootView.swift */,
				4A200001000000000000000D /* PlatformActions.swift */,
				4A200001000000000000000E /* Design.swift */,
				4A4000010000000000000004 /* Views */,
				4A200001000000000000000A /* Assets.xcassets */,
				4A200001000000000000000B /* SeedJobs.json */,
				4A200001000000000000000F /* JobFeedConfig.json */,
			);
			path = JobPilotLite;
			sourceTree = "<group>";
		};
		4A4000010000000000000003 /* Products */ = {
			isa = PBXGroup;
			children = (
				4A2000010000000000000000 /* JobPilotLite.app */,
			);
			name = Products;
			sourceTree = "<group>";
		};
		4A4000010000000000000004 /* Views */ = {
			isa = PBXGroup;
			children = (
				4A2000010000000000000005 /* OnboardingView.swift */,
				4A2000010000000000000006 /* ProfileView.swift */,
				4A2000010000000000000007 /* JobFeedView.swift */,
				4A2000010000000000000008 /* JobDetailView.swift */,
			);
			path = Views;
			sourceTree = "<group>";
		};
/* End PBXGroup section */

/* Begin PBXNativeTarget section */
		4A5000010000000000000001 /* JobPilotLite */ = {
			isa = PBXNativeTarget;
			buildConfigurationList = 4A9000010000000000000002 /* Build configuration list for PBXNativeTarget "JobPilotLite" */;
			buildPhases = (
				4A7000010000000000000001 /* Sources */,
				4A3000010000000000000001 /* Frameworks */,
				4A7000010000000000000002 /* Resources */,
			);
			buildRules = (
			);
			dependencies = (
			);
			name = JobPilotLite;
			productName = JobPilotLite;
			productReference = 4A2000010000000000000000 /* JobPilotLite.app */;
			productType = "com.apple.product-type.application";
		};
/* End PBXNativeTarget section */

/* Begin PBXProject section */
		4A6000010000000000000001 /* Project object */ = {
			isa = PBXProject;
			attributes = {
				BuildIndependentTargetsInParallel = 1;
				LastSwiftUpdateCheck = 1520;
				LastUpgradeCheck = 1520;
				TargetAttributes = {
					4A5000010000000000000001 = {
						CreatedOnToolsVersion = 15.2;
					};
				};
			};
			buildConfigurationList = 4A9000010000000000000001 /* Build configuration list for PBXProject "JobPilotLite" */;
			compatibilityVersion = "Xcode 14.0";
			developmentRegion = en;
			hasScannedForEncodings = 0;
			knownRegions = (
				en,
				Base,
			);
			mainGroup = 4A4000010000000000000001;
			productRefGroup = 4A4000010000000000000003 /* Products */;
			projectDirPath = "";
			projectRoot = "";
			targets = (
				4A5000010000000000000001 /* JobPilotLite */,
			);
		};
/* End PBXProject section */

/* Begin PBXResourcesBuildPhase section */
		4A7000010000000000000002 /* Resources */ = {
			isa = PBXResourcesBuildPhase;
			buildActionMask = 2147483647;
			files = (
				4A100001000000000000000A /* Assets.xcassets in Resources */,
				4A100001000000000000000B /* SeedJobs.json in Resources */,
				4A100001000000000000000F /* JobFeedConfig.json in Resources */,
			);
			runOnlyForDeploymentPostprocessing = 0;
		};
/* End PBXResourcesBuildPhase section */

/* Begin PBXSourcesBuildPhase section */
		4A7000010000000000000001 /* Sources */ = {
			isa = PBXSourcesBuildPhase;
			buildActionMask = 2147483647;
			files = (
				4A1000010000000000000001 /* JobPilotLiteApp.swift in Sources */,
				4A1000010000000000000002 /* Models.swift in Sources */,
				4A1000010000000000000003 /* AppStore.swift in Sources */,
				4A1000010000000000000004 /* RootView.swift in Sources */,
				4A100001000000000000000D /* PlatformActions.swift in Sources */,
				4A100001000000000000000E /* Design.swift in Sources */,
				4A1000010000000000000005 /* OnboardingView.swift in Sources */,
				4A1000010000000000000006 /* ProfileView.swift in Sources */,
				4A1000010000000000000007 /* JobFeedView.swift in Sources */,
				4A1000010000000000000008 /* JobDetailView.swift in Sources */,
			);
			runOnlyForDeploymentPostprocessing = 0;
		};
/* End PBXSourcesBuildPhase section */

/* Begin XCBuildConfiguration section */
		4A8000010000000000000001 /* Debug */ = {
			isa = XCBuildConfiguration;
			buildSettings = {
				ALWAYS_SEARCH_USER_PATHS = NO;
				CLANG_ANALYZER_NONNULL = YES;
				CLANG_ANALYZER_NUMBER_OBJECT_CONVERSION = YES_AGGRESSIVE;
				CLANG_CXX_LANGUAGE_STANDARD = "gnu++20";
				CLANG_ENABLE_MODULES = YES;
				CLANG_ENABLE_OBJC_ARC = YES;
				CLANG_ENABLE_OBJC_WEAK = YES;
				CLANG_WARN_BLOCK_CAPTURE_AUTORELEASING = YES;
				CLANG_WARN_BOOL_CONVERSION = YES;
				CLANG_WARN_COMMA = YES;
				CLANG_WARN_CONSTANT_CONVERSION = YES;
				CLANG_WARN_DEPRECATED_OBJC_IMPLEMENTATIONS = YES;
				CLANG_WARN_DIRECT_OBJC_ISA_USAGE = YES_ERROR;
				CLANG_WARN_DOCUMENTATION_COMMENTS = YES;
				CLANG_WARN_EMPTY_BODY = YES;
				CLANG_WARN_ENUM_CONVERSION = YES;
				CLANG_WARN_INFINITE_RECURSION = YES;
				CLANG_WARN_INT_CONVERSION = YES;
				CLANG_WARN_NON_LITERAL_NULL_CONVERSION = YES;
				CLANG_WARN_OBJC_IMPLICIT_RETAIN_SELF = YES;
				CLANG_WARN_OBJC_LITERAL_CONVERSION = YES;
				CLANG_WARN_OBJC_ROOT_CLASS = YES_ERROR;
				CLANG_WARN_QUOTED_INCLUDE_IN_FRAMEWORK_HEADER = YES;
				CLANG_WARN_RANGE_LOOP_ANALYSIS = YES;
				CLANG_WARN_STRICT_PROTOTYPES = YES;
				CLANG_WARN_SUSPICIOUS_MOVE = YES;
				CLANG_WARN_UNGUARDED_AVAILABILITY = YES_AGGRESSIVE;
				CLANG_WARN_UNREACHABLE_CODE = YES;
				CLANG_WARN__DUPLICATE_METHOD_MATCH = YES;
				COPY_PHASE_STRIP = NO;
				DEBUG_INFORMATION_FORMAT = dwarf;
				ENABLE_STRICT_OBJC_MSGSEND = YES;
				ENABLE_TESTABILITY = YES;
				ENABLE_USER_SCRIPT_SANDBOXING = YES;
				GCC_C_LANGUAGE_STANDARD = gnu17;
				GCC_DYNAMIC_NO_PIC = NO;
				GCC_NO_COMMON_BLOCKS = YES;
				GCC_OPTIMIZATION_LEVEL = 0;
				GCC_PREPROCESSOR_DEFINITIONS = (
					"DEBUG=1",
					"$(inherited)",
				);
				GCC_WARN_64_TO_32_BIT_CONVERSION = YES;
				GCC_WARN_ABOUT_RETURN_TYPE = YES_ERROR;
				GCC_WARN_UNDECLARED_SELECTOR = YES;
				GCC_WARN_UNINITIALIZED_AUTOS = YES_AGGRESSIVE;
				GCC_WARN_UNUSED_FUNCTION = YES;
				GCC_WARN_UNUSED_VARIABLE = YES;
				IPHONEOS_DEPLOYMENT_TARGET = 17.0;
				MTL_ENABLE_DEBUG_INFO = INCLUDE_SOURCE;
				MTL_FAST_MATH = YES;
				ONLY_ACTIVE_ARCH = YES;
				SDKROOT = iphoneos;
				SWIFT_ACTIVE_COMPILATION_CONDITIONS = DEBUG;
				SWIFT_OPTIMIZATION_LEVEL = "-Onone";
			};
			name = Debug;
		};
		4A8000010000000000000002 /* Release */ = {
			isa = XCBuildConfiguration;
			buildSettings = {
				ALWAYS_SEARCH_USER_PATHS = NO;
				CLANG_ANALYZER_NONNULL = YES;
				CLANG_ANALYZER_NUMBER_OBJECT_CONVERSION = YES_AGGRESSIVE;
				CLANG_CXX_LANGUAGE_STANDARD = "gnu++20";
				CLANG_ENABLE_MODULES = YES;
				CLANG_ENABLE_OBJC_ARC = YES;
				CLANG_ENABLE_OBJC_WEAK = YES;
				CLANG_WARN_BLOCK_CAPTURE_AUTORELEASING = YES;
				CLANG_WARN_BOOL_CONVERSION = YES;
				CLANG_WARN_COMMA = YES;
				CLANG_WARN_CONSTANT_CONVERSION = YES;
				CLANG_WARN_DEPRECATED_OBJC_IMPLEMENTATIONS = YES;
				CLANG_WARN_DIRECT_OBJC_ISA_USAGE = YES_ERROR;
				CLANG_WARN_DOCUMENTATION_COMMENTS = YES;
				CLANG_WARN_EMPTY_BODY = YES;
				CLANG_WARN_ENUM_CONVERSION = YES;
				CLANG_WARN_INFINITE_RECURSION = YES;
				CLANG_WARN_INT_CONVERSION = YES;
				CLANG_WARN_NON_LITERAL_NULL_CONVERSION = YES;
				CLANG_WARN_OBJC_IMPLICIT_RETAIN_SELF = YES;
				CLANG_WARN_OBJC_LITERAL_CONVERSION = YES;
				CLANG_WARN_OBJC_ROOT_CLASS = YES_ERROR;
				CLANG_WARN_QUOTED_INCLUDE_IN_FRAMEWORK_HEADER = YES;
				CLANG_WARN_RANGE_LOOP_ANALYSIS = YES;
				CLANG_WARN_STRICT_PROTOTYPES = YES;
				CLANG_WARN_SUSPICIOUS_MOVE = YES;
				CLANG_WARN_UNGUARDED_AVAILABILITY = YES_AGGRESSIVE;
				CLANG_WARN_UNREACHABLE_CODE = YES;
				CLANG_WARN__DUPLICATE_METHOD_MATCH = YES;
				COPY_PHASE_STRIP = NO;
				DEBUG_INFORMATION_FORMAT = "dwarf-with-dsym";
				ENABLE_NS_ASSERTIONS = NO;
				ENABLE_STRICT_OBJC_MSGSEND = YES;
				ENABLE_USER_SCRIPT_SANDBOXING = YES;
				GCC_C_LANGUAGE_STANDARD = gnu17;
				GCC_NO_COMMON_BLOCKS = YES;
				GCC_WARN_64_TO_32_BIT_CONVERSION = YES;
				GCC_WARN_ABOUT_RETURN_TYPE = YES_ERROR;
				GCC_WARN_UNDECLARED_SELECTOR = YES;
				GCC_WARN_UNINITIALIZED_AUTOS = YES_AGGRESSIVE;
				GCC_WARN_UNUSED_FUNCTION = YES;
				GCC_WARN_UNUSED_VARIABLE = YES;
				IPHONEOS_DEPLOYMENT_TARGET = 17.0;
				MTL_ENABLE_DEBUG_INFO = NO;
				MTL_FAST_MATH = YES;
				SDKROOT = iphoneos;
				SWIFT_COMPILATION_MODE = wholemodule;
				VALIDATE_PRODUCT = YES;
			};
			name = Release;
		};
		4A8000010000000000000003 /* Debug */ = {
			isa = XCBuildConfiguration;
			buildSettings = {
				ASSETCATALOG_COMPILER_ACCENT_COLOR_NAME = AccentColor;
				ASSETCATALOG_COMPILER_APPICON_NAME = AppIcon;
				CODE_SIGN_STYLE = Automatic;
				CURRENT_PROJECT_VERSION = 1;
				DEVELOPMENT_ASSET_PATHS = "";
				DEVELOPMENT_TEAM = "";
				ENABLE_PREVIEWS = YES;
				GENERATE_INFOPLIST_FILE = YES;
				INFOPLIST_KEY_CFBundleDisplayName = "JobPilot Lite";
				INFOPLIST_KEY_LSApplicationCategoryType = "public.app-category.business";
				INFOPLIST_KEY_UIApplicationSceneManifest_Generation = YES;
				INFOPLIST_KEY_UIApplicationSupportsIndirectInputEvents = YES;
				INFOPLIST_KEY_UILaunchScreen_Generation = YES;
				INFOPLIST_KEY_UISupportedInterfaceOrientations_iPhone = "UIInterfaceOrientationPortrait UIInterfaceOrientationLandscapeLeft UIInterfaceOrientationLandscapeRight";
				IPHONEOS_DEPLOYMENT_TARGET = 17.0;
				MARKETING_VERSION = 0.1.0;
				PRODUCT_BUNDLE_IDENTIFIER = com.jobpilot.lite;
				PRODUCT_NAME = "$(TARGET_NAME)";
				SUPPORTED_PLATFORMS = "iphoneos iphonesimulator";
				SUPPORTS_MACCATALYST = NO;
				SUPPORTS_MAC_DESIGNED_FOR_IPHONE_IPAD = NO;
				SWIFT_EMIT_LOC_STRINGS = YES;
				SWIFT_VERSION = 5.0;
				TARGETED_DEVICE_FAMILY = 1;
			};
			name = Debug;
		};
		4A8000010000000000000004 /* Release */ = {
			isa = XCBuildConfiguration;
			buildSettings = {
				ASSETCATALOG_COMPILER_ACCENT_COLOR_NAME = AccentColor;
				ASSETCATALOG_COMPILER_APPICON_NAME = AppIcon;
				CODE_SIGN_STYLE = Automatic;
				CURRENT_PROJECT_VERSION = 1;
				DEVELOPMENT_ASSET_PATHS = "";
				DEVELOPMENT_TEAM = "";
				ENABLE_PREVIEWS = YES;
				GENERATE_INFOPLIST_FILE = YES;
				INFOPLIST_KEY_CFBundleDisplayName = "JobPilot Lite";
				INFOPLIST_KEY_LSApplicationCategoryType = "public.app-category.business";
				INFOPLIST_KEY_UIApplicationSceneManifest_Generation = YES;
				INFOPLIST_KEY_UIApplicationSupportsIndirectInputEvents = YES;
				INFOPLIST_KEY_UILaunchScreen_Generation = YES;
				INFOPLIST_KEY_UISupportedInterfaceOrientations_iPhone = "UIInterfaceOrientationPortrait UIInterfaceOrientationLandscapeLeft UIInterfaceOrientationLandscapeRight";
				IPHONEOS_DEPLOYMENT_TARGET = 17.0;
				MARKETING_VERSION = 0.1.0;
				PRODUCT_BUNDLE_IDENTIFIER = com.jobpilot.lite;
				PRODUCT_NAME = "$(TARGET_NAME)";
				SUPPORTED_PLATFORMS = "iphoneos iphonesimulator";
				SUPPORTS_MACCATALYST = NO;
				SUPPORTS_MAC_DESIGNED_FOR_IPHONE_IPAD = NO;
				SWIFT_EMIT_LOC_STRINGS = YES;
				SWIFT_VERSION = 5.0;
				TARGETED_DEVICE_FAMILY = 1;
			};
			name = Release;
		};
/* End XCBuildConfiguration section */

/* Begin XCConfigurationList section */
		4A9000010000000000000001 /* Build configuration list for PBXProject "JobPilotLite" */ = {
			isa = XCConfigurationList;
			buildConfigurations = (
				4A8000010000000000000001 /* Debug */,
				4A8000010000000000000002 /* Release */,
			);
			defaultConfigurationIsVisible = 0;
			defaultConfigurationName = Release;
		};
		4A9000010000000000000002 /* Build configuration list for PBXNativeTarget "JobPilotLite" */ = {
			isa = XCConfigurationList;
			buildConfigurations = (
				4A8000010000000000000003 /* Debug */,
				4A8000010000000000000004 /* Release */,
			);
			defaultConfigurationIsVisible = 0;
			defaultConfigurationName = Release;
		};
/* End XCConfigurationList section */
	};
	rootObject = 4A6000010000000000000001 /* Project object */;
}
